
Microsoft Visual Studio Solution File, Format Version 12.00
# Visual Studio Version 16
VisualStudioVersion = 16.0.29025.244
MinimumVisualStudioVersion = 10.0.40219.1
Project("{FAE04EC0-301F-11D3-BF4B-00C04F79EFBC}") = "testurl3", "testurl3\testurl3.csproj", "{803C827F-F609-4CFC-AF40-0A426F46AFDC}"
EndProject
Global
	GlobalSection(SolutionConfigurationPlatforms) = preSolution
		Debug|Any CPU = Debug|Any CPU
		Release|Any CPU = Release|Any CPU
	EndGlobalSection
	GlobalSection(ProjectConfigurationPlatforms) = postSolution
		{803C827F-F609-4CFC-AF40-0A426F46AFDC}.Debug|Any CPU.ActiveCfg = Debug|Any CPU
		{803C827F-F609-4CFC-AF40-0A426F46AFDC}.Debug|Any CPU.Build.0 = Debug|Any CPU
		{803C827F-F609-4CFC-AF40-0A426F46AFDC}.Release|Any CPU.ActiveCfg = Release|Any CPU
		{803C827F-F609-4CFC-AF40-0A426F46AFDC}.Release|Any CPU.Build.0 = Release|Any CPU
	EndGlobalSection
	GlobalSection(SolutionProperties) = preSolution
		HideSolutionNode = FALSE
	EndGlobalSection
	GlobalSection(ExtensibilityGlobals) = postSolution
		SolutionGuid = {B573D058-5C63-49BD-8084-E8F63241F4B3}
	EndGlobalSection
EndGlobal
